
Microsoft Visual Studio Solution File, Format Version 12.00
# Visual Studio Version 16
VisualStudioVersion = 16.0.29806.167
MinimumVisualStudioVersion = 10.0.40219.1
Project("{FAE04EC0-301F-11D3-BF4B-00C04F79EFBC}") = "LWC.WallpaperChangerService", "LWC.WallpaperChangerService\LWC.WallpaperChangerService.csproj", "{D74D2397-2EA8-4C1A-872A-4F2EABE24771}"
EndProject
Project("{9A19103F-16F7-4668-BE54-9A1E7A4F7556}") = "WallpaperChangerService", "WallpaperChangerService\WallpaperChangerService.csproj", "{91BCF433-CFDE-4E0A-B072-4840A406F537}"
EndProject
Project("{2150E333-8FDC-42A3-9474-1A3956D46DE8}") = "Installers", "Installers", "{36F57A61-67B4-4011-8398-CB26D38E9F87}"
EndProject
Project("{54435603-DBB4-11D2-8724-00A0C9A8B90C}") = "LWC.WallpaperChangerInstaller", "Installers\LWC.WallpaperChangerInstaller\LWC.WallpaperChangerInstaller.vdproj", "{422EE73A-4205-4ED9-90F0-B89392375D36}"
EndProject
Global
	GlobalSection(SolutionConfigurationPlatforms) = preSolution
		Debug|Any CPU = Debug|Any CPU
		Release|Any CPU = Release|Any CPU
	EndGlobalSection
	GlobalSection(ProjectConfigurationPlatforms) = postSolution
		{D74D2397-2EA8-4C1A-872A-4F2EABE24771}.Debug|Any CPU.ActiveCfg = Debug|Any CPU
		{D74D2397-2EA8-4C1A-872A-4F2EABE24771}.Debug|Any CPU.Build.0 = Debug|Any CPU
		{D74D2397-2EA8-4C1A-872A-4F2EABE24771}.Release|Any CPU.ActiveCfg = Release|Any CPU
		{D74D2397-2EA8-4C1A-872A-4F2EABE24771}.Release|Any CPU.Build.0 = Release|Any CPU
		{91BCF433-CFDE-4E0A-B072-4840A406F537}.Debug|Any CPU.ActiveCfg = Debug|Any CPU
		{91BCF433-CFDE-4E0A-B072-4840A406F537}.Debug|Any CPU.Build.0 = Debug|Any CPU
		{91BCF433-CFDE-4E0A-B072-4840A406F537}.Release|Any CPU.ActiveCfg = Release|Any CPU
		{91BCF433-CFDE-4E0A-B072-4840A406F537}.Release|Any CPU.Build.0 = Release|Any CPU
		{422EE73A-4205-4ED9-90F0-B89392375D36}.Debug|Any CPU.ActiveCfg = Debug
		{422EE73A-4205-4ED9-90F0-B89392375D36}.Release|Any CPU.ActiveCfg = Release
	EndGlobalSection
	GlobalSection(SolutionProperties) = preSolution
		HideSolutionNode = FALSE
	EndGlobalSection
	GlobalSection(NestedProjects) = preSolution
		{422EE73A-4205-4ED9-90F0-B89392375D36} = {36F57A61-67B4-4011-8398-CB26D38E9F87}
	EndGlobalSection
	GlobalSection(ExtensibilityGlobals) = postSolution
		SolutionGuid = {17A8B2E4-8D63-4B67-A9D7-726687D9C1DA}
	EndGlobalSection
EndGlobal
